
Microsoft Visual Studio Solution File, Format Version 12.00
# Visual Studio 15
VisualStudioVersion = 15.0.28010.2046
MinimumVisualStudioVersion = 10.0.40219.1
Project("{FAE04EC0-301F-11D3-BF4B-00C04F79EFBC}") = "Test_GitHub", "Test_GitHub\Test_GitHub.csproj", "{89AFF521-9DDF-46A2-93EC-BF43BD10269D}"
EndProject
Global
	GlobalSection(SolutionConfigurationPlatforms) = preSolution
		Debug|Any CPU = Debug|Any CPU
		Release|Any CPU = Release|Any CPU
	EndGlobalSection
	GlobalSection(ProjectConfigurationPlatforms) = postSolution
		{89AFF521-9DDF-46A2-93EC-BF43BD10269D}.Debug|Any CPU.ActiveCfg = Debug|Any CPU
		{89AFF521-9DDF-46A2-93EC-BF43BD10269D}.Debug|Any CPU.Build.0 = Debug|Any CPU
		{89AFF521-9DDF-46A2-93EC-BF43BD10269D}.Release|Any CPU.ActiveCfg = Release|Any CPU
		{89AFF521-9DDF-46A2-93EC-BF43BD10269D}.Release|Any CPU.Build.0 = Release|Any CPU
	EndGlobalSection
	GlobalSection(SolutionProperties) = preSolution
		HideSolutionNode = FALSE
	EndGlobalSection
	GlobalSection(ExtensibilityGlobals) = postSolution
		SolutionGuid = {275D4DF6-B8FD-4FCD-9581-090CDE0B9E11}
	EndGlobalSection
EndGlobal
